
Microsoft Visual Studio Solution File, Format Version 12.00
# Visual Studio Version 16
VisualStudioVersion = 16.0.30011.22
MinimumVisualStudioVersion = 10.0.40219.1
Project("{FAE04EC0-301F-11D3-BF4B-00C04F79EFBC}") = "BayViewHotel", "BayViewHotel\BayViewHotel.csproj", "{C4C0AEB1-2440-464B-BB13-9898222AEEE3}"
EndProject
Global
	GlobalSection(SolutionConfigurationPlatforms) = preSolution
		Debug|Any CPU = Debug|Any CPU
		Release|Any CPU = Release|Any CPU
	EndGlobalSection
	GlobalSection(ProjectConfigurationPlatforms) = postSolution
		{C4C0AEB1-2440-464B-BB13-9898222AEEE3}.Debug|Any CPU.ActiveCfg = Debug|Any CPU
		{C4C0AEB1-2440-464B-BB13-9898222AEEE3}.Debug|Any CPU.Build.0 = Debug|Any CPU
		{C4C0AEB1-2440-464B-BB13-9898222AEEE3}.Release|Any CPU.ActiveCfg = Release|Any CPU
		{C4C0AEB1-2440-464B-BB13-9898222AEEE3}.Release|Any CPU.Build.0 = Release|Any CPU
	EndGlobalSection
	GlobalSection(SolutionProperties) = preSolution
		HideSolutionNode = FALSE
	EndGlobalSection
	GlobalSection(ExtensibilityGlobals) = postSolution
		SolutionGuid = {B08FB069-0157-40BB-A72B-A32F7687FBFD}
	EndGlobalSection
EndGlobal
